
Microsoft Visual Studio Solution File, Format Version 12.00
# Visual Studio Version 16
VisualStudioVersion = 16.0.31005.135
MinimumVisualStudioVersion = 10.0.40219.1
Project("{FAE04EC0-301F-11D3-BF4B-00C04F79EFBC}") = "CALCULAR SALARIO", "CALCULAR SALARIO.csproj", "{FE07D289-3F9F-4175-A7DA-8CE9D46407B9}"
EndProject
Global
	GlobalSection(SolutionConfigurationPlatforms) = preSolution
		Debug|Any CPU = Debug|Any CPU
		Release|Any CPU = Release|Any CPU
	EndGlobalSection
	GlobalSection(ProjectConfigurationPlatforms) = postSolution
		{FE07D289-3F9F-4175-A7DA-8CE9D46407B9}.Debug|Any CPU.ActiveCfg = Debug|Any CPU
		{FE07D289-3F9F-4175-A7DA-8CE9D46407B9}.Debug|Any CPU.Build.0 = Debug|Any CPU
		{FE07D289-3F9F-4175-A7DA-8CE9D46407B9}.Release|Any CPU.ActiveCfg = Release|Any CPU
		{FE07D289-3F9F-4175-A7DA-8CE9D46407B9}.Release|Any CPU.Build.0 = Release|Any CPU
	EndGlobalSection
	GlobalSection(SolutionProperties) = preSolution
		HideSolutionNode = FALSE
	EndGlobalSection
	GlobalSection(ExtensibilityGlobals) = postSolution
		SolutionGuid = {61A2B5EE-BE78-4498-A31C-89E1A92CBE33}
	EndGlobalSection
EndGlobal
