
Microsoft Visual Studio Solution File, Format Version 12.00
# Visual Studio Version 16
VisualStudioVersion = 16.0.31005.135
MinimumVisualStudioVersion = 10.0.40219.1
Project("{FAE04EC0-301F-11D3-BF4B-00C04F79EFBC}") = "NUMERO PRIMO", "NUMERO PRIMO.csproj", "{65F6B6FA-EDFF-41AC-9CEC-E2D015EB1B94}"
EndProject
Global
	GlobalSection(SolutionConfigurationPlatforms) = preSolution
		Debug|Any CPU = Debug|Any CPU
		Release|Any CPU = Release|Any CPU
	EndGlobalSection
	GlobalSection(ProjectConfigurationPlatforms) = postSolution
		{65F6B6FA-EDFF-41AC-9CEC-E2D015EB1B94}.Debug|Any CPU.ActiveCfg = Debug|Any CPU
		{65F6B6FA-EDFF-41AC-9CEC-E2D015EB1B94}.Debug|Any CPU.Build.0 = Debug|Any CPU
		{65F6B6FA-EDFF-41AC-9CEC-E2D015EB1B94}.Release|Any CPU.ActiveCfg = Release|Any CPU
		{65F6B6FA-EDFF-41AC-9CEC-E2D015EB1B94}.Release|Any CPU.Build.0 = Release|Any CPU
	EndGlobalSection
	GlobalSection(SolutionProperties) = preSolution
		HideSolutionNode = FALSE
	EndGlobalSection
	GlobalSection(ExtensibilityGlobals) = postSolution
		SolutionGuid = {B0738BDA-AC1A-4837-B62E-0E0149AA27A7}
	EndGlobalSection
EndGlobal
